
Microsoft Visual Studio Solution File, Format Version 12.00
# Visual Studio Version 16
VisualStudioVersion = 16.0.28729.10
MinimumVisualStudioVersion = 10.0.40219.1
Project("{2150E333-8FDC-42A3-9474-1A3956D46DE8}") = "1 - Camada de Apresentação", "1 - Camada de Apresentação", "{BBB9BDDD-6A39-413A-905B-F6C37A24DE9D}"
EndProject
Project("{2150E333-8FDC-42A3-9474-1A3956D46DE8}") = "2 - Camada de Aplicação", "2 - Camada de Aplicação", "{9228AA6E-7C34-42F0-AA42-B1929EDB59C3}"
EndProject
Project("{2150E333-8FDC-42A3-9474-1A3956D46DE8}") = "3 - Camada de Domínio", "3 - Camada de Domínio", "{794D055A-6266-4B53-AEE6-985FA3CD8DAA}"
EndProject
Project("{2150E333-8FDC-42A3-9474-1A3956D46DE8}") = "4 - Camada de Infraestrutura", "4 - Camada de Infraestrutura", "{8DD4DA1C-DB99-49C1-9767-9F2F4AF0F376}"
EndProject
Project("{9A19103F-16F7-4668-BE54-9A1E7A4F7556}") = "System.Extensions", "src\System.Extensions\System.Extensions.csproj", "{61147A2D-C246-4C6A-8DDB-1211550E0C1D}"
EndProject
Project("{9A19103F-16F7-4668-BE54-9A1E7A4F7556}") = "Atelie.DomainModel", "src\Atelie.DomainModel\Atelie.DomainModel.csproj", "{18480AFD-AA24-47D7-B2B6-A1922A39142E}"
EndProject
Project("{9A19103F-16F7-4668-BE54-9A1E7A4F7556}") = "Atelie.EntityFrameworkCore", "src\Atelie.EntityFrameworkCore\Atelie.EntityFrameworkCore.csproj", "{51D6257D-0167-4847-868B-4859C2CD1C0E}"
EndProject
Project("{9A19103F-16F7-4668-BE54-9A1E7A4F7556}") = "Atelie.Infrastructure.Client", "src\Atelie.Infrastructure.Client\Atelie.Infrastructure.Client.csproj", "{05C20511-E761-4578-8FA4-55EA4C2EA04C}"
EndProject
Project("{2150E333-8FDC-42A3-9474-1A3956D46DE8}") = "5 - Documentação", "5 - Documentação", "{51A7A958-1E17-4D49-80F8-745C631BEE44}"
	ProjectSection(SolutionItems) = preProject
		README.md = README.md
	EndProjectSection
EndProject
Project("{2150E333-8FDC-42A3-9474-1A3956D46DE8}") = "Data Services", "Data Services", "{A2C3D3D6-471C-45FC-BA17-93C3CFCDE623}"
EndProject
Project("{2150E333-8FDC-42A3-9474-1A3956D46DE8}") = "Integration Services", "Integration Services", "{CA912A38-3A12-48C5-9355-3B8634FAC381}"
EndProject
Project("{2150E333-8FDC-42A3-9474-1A3956D46DE8}") = "Extensions", "Extensions", "{B210C8A3-DA52-446F-80CD-4CAB460678CA}"
EndProject
Project("{9A19103F-16F7-4668-BE54-9A1E7A4F7556}") = "Atelie.UI", "src\Atelie.UI\Atelie.UI.csproj", "{559205D1-A209-4F0B-8A69-0FA7BF6C70C7}"
EndProject
Project("{FAE04EC0-301F-11D3-BF4B-00C04F79EFBC}") = "Atelie.Windows", "src\Atelie.Windows\Atelie.Windows.csproj", "{FBB2156F-54A1-406D-BDB1-646505951122}"
EndProject
Global
	GlobalSection(SolutionConfigurationPlatforms) = preSolution
		Debug|Any CPU = Debug|Any CPU
		Debug|ARM = Debug|ARM
		Debug|ARM64 = Debug|ARM64
		Debug|x64 = Debug|x64
		Debug|x86 = Debug|x86
		Release|Any CPU = Release|Any CPU
		Release|ARM = Release|ARM
		Release|ARM64 = Release|ARM64
		Release|x64 = Release|x64
		Release|x86 = Release|x86
	EndGlobalSection
	GlobalSection(ProjectConfigurationPlatforms) = postSolution
		{61147A2D-C246-4C6A-8DDB-1211550E0C1D}.Debug|Any CPU.ActiveCfg = Debug|Any CPU
		{61147A2D-C246-4C6A-8DDB-1211550E0C1D}.Debug|Any CPU.Build.0 = Debug|Any CPU
		{61147A2D-C246-4C6A-8DDB-1211550E0C1D}.Debug|ARM.ActiveCfg = Debug|Any CPU
		{61147A2D-C246-4C6A-8DDB-1211550E0C1D}.Debug|ARM.Build.0 = Debug|Any CPU
		{61147A2D-C246-4C6A-8DDB-1211550E0C1D}.Debug|ARM64.ActiveCfg = Debug|Any CPU
		{61147A2D-C246-4C6A-8DDB-1211550E0C1D}.Debug|ARM64.Build.0 = Debug|Any CPU
		{61147A2D-C246-4C6A-8DDB-1211550E0C1D}.Debug|x64.ActiveCfg = Debug|Any CPU
		{61147A2D-C246-4C6A-8DDB-1211550E0C1D}.Debug|x64.Build.0 = Debug|Any CPU
		{61147A2D-C246-4C6A-8DDB-1211550E0C1D}.Debug|x86.ActiveCfg = Debug|Any CPU
		{61147A2D-C246-4C6A-8DDB-1211550E0C1D}.Debug|x86.Build.0 = Debug|Any CPU
		{61147A2D-C246-4C6A-8DDB-1211550E0C1D}.Release|Any CPU.ActiveCfg = Release|Any CPU
		{61147A2D-C246-4C6A-8DDB-1211550E0C1D}.Release|Any CPU.Build.0 = Release|Any CPU
		{61147A2D-C246-4C6A-8DDB-1211550E0C1D}.Release|ARM.ActiveCfg = Release|Any CPU
		{61147A2D-C246-4C6A-8DDB-1211550E0C1D}.Release|ARM.Build.0 = Release|Any CPU
		{61147A2D-C246-4C6A-8DDB-1211550E0C1D}.Release|ARM64.ActiveCfg = Release|Any CPU
		{61147A2D-C246-4C6A-8DDB-1211550E0C1D}.Release|ARM64.Build.0 = Release|Any CPU
		{61147A2D-C246-4C6A-8DDB-1211550E0C1D}.Release|x64.ActiveCfg = Release|Any CPU
		{61147A2D-C246-4C6A-8DDB-1211550E0C1D}.Release|x64.Build.0 = Release|Any CPU
		{61147A2D-C246-4C6A-8DDB-1211550E0C1D}.Release|x86.ActiveCfg = Release|Any CPU
		{61147A2D-C246-4C6A-8DDB-1211550E0C1D}.Release|x86.Build.0 = Release|Any CPU
		{18480AFD-AA24-47D7-B2B6-A1922A39142E}.Debug|Any CPU.ActiveCfg = Debug|Any CPU
		{18480AFD-AA24-47D7-B2B6-A1922A39142E}.Debug|Any CPU.Build.0 = Debug|Any CPU
		{18480AFD-AA24-47D7-B2B6-A1922A39142E}.Debug|ARM.ActiveCfg = Debug|Any CPU
		{18480AFD-AA24-47D7-B2B6-A1922A39142E}.Debug|ARM.Build.0 = Debug|Any CPU
		{18480AFD-AA24-47D7-B2B6-A1922A39142E}.Debug|ARM64.ActiveCfg = Debug|Any CPU
		{18480AFD-AA24-47D7-B2B6-A1922A39142E}.Debug|ARM64.Build.0 = Debug|Any CPU
		{18480AFD-AA24-47D7-B2B6-A1922A39142E}.Debug|x64.ActiveCfg = Debug|Any CPU
		{18480AFD-AA24-47D7-B2B6-A1922A39142E}.Debug|x64.Build.0 = Debug|Any CPU
		{18480AFD-AA24-47D7-B2B6-A1922A39142E}.Debug|x86.ActiveCfg = Debug|Any CPU
		{18480AFD-AA24-47D7-B2B6-A1922A39142E}.Debug|x86.Build.0 = Debug|Any CPU
		{18480AFD-AA24-47D7-B2B6-A1922A39142E}.Release|Any CPU.ActiveCfg = Release|Any CPU
		{18480AFD-AA24-47D7-B2B6-A1922A39142E}.Release|Any CPU.Build.0 = Release|Any CPU
		{18480AFD-AA24-47D7-B2B6-A1922A39142E}.Release|ARM.ActiveCfg = Release|Any CPU
		{18480AFD-AA24-47D7-B2B6-A1922A39142E}.Release|ARM.Build.0 = Release|Any CPU
		{18480AFD-AA24-47D7-B2B6-A1922A39142E}.Release|ARM64.ActiveCfg = Release|Any CPU
		{18480AFD-AA24-47D7-B2B6-A1922A39142E}.Release|ARM64.Build.0 = Release|Any CPU
		{18480AFD-AA24-47D7-B2B6-A1922A39142E}.Release|x64.ActiveCfg = Release|Any CPU
		{18480AFD-AA24-47D7-B2B6-A1922A39142E}.Release|x64.Build.0 = Release|Any CPU
		{18480AFD-AA24-47D7-B2B6-A1922A39142E}.Release|x86.ActiveCfg = Release|Any CPU
		{18480AFD-AA24-47D7-B2B6-A1922A39142E}.Release|x86.Build.0 = Release|Any CPU
		{51D6257D-0167-4847-868B-4859C2CD1C0E}.Debug|Any CPU.ActiveCfg = Debug|Any CPU
		{51D6257D-0167-4847-868B-4859C2CD1C0E}.Debug|Any CPU.Build.0 = Debug|Any CPU
		{51D6257D-0167-4847-868B-4859C2CD1C0E}.Debug|ARM.ActiveCfg = Debug|Any CPU
		{51D6257D-0167-4847-868B-4859C2CD1C0E}.Debug|ARM.Build.0 = Debug|Any CPU
		{51D6257D-0167-4847-868B-4859C2CD1C0E}.Debug|ARM64.ActiveCfg = Debug|Any CPU
		{51D6257D-0167-4847-868B-4859C2CD1C0E}.Debug|ARM64.Build.0 = Debug|Any CPU
		{51D6257D-0167-4847-868B-4859C2CD1C0E}.Debug|x64.ActiveCfg = Debug|Any CPU
		{51D6257D-0167-4847-868B-4859C2CD1C0E}.Debug|x64.Build.0 = Debug|Any CPU
		{51D6257D-0167-4847-868B-4859C2CD1C0E}.Debug|x86.ActiveCfg = Debug|Any CPU
		{51D6257D-0167-4847-868B-4859C2CD1C0E}.Debug|x86.Build.0 = Debug|Any CPU
		{51D6257D-0167-4847-868B-4859C2CD1C0E}.Release|Any CPU.ActiveCfg = Release|Any CPU
		{51D6257D-0167-4847-868B-4859C2CD1C0E}.Release|Any CPU.Build.0 = Release|Any CPU
		{51D6257D-0167-4847-868B-4859C2CD1C0E}.Release|ARM.ActiveCfg = Release|Any CPU
		{51D6257D-0167-4847-868B-4859C2CD1C0E}.Release|ARM.Build.0 = Release|Any CPU
		{51D6257D-0167-4847-868B-4859C2CD1C0E}.Release|ARM64.ActiveCfg = Release|Any CPU
		{51D6257D-0167-4847-868B-4859C2CD1C0E}.Release|ARM64.Build.0 = Release|Any CPU
		{51D6257D-0167-4847-868B-4859C2CD1C0E}.Release|x64.ActiveCfg = Release|Any CPU
		{51D6257D-0167-4847-868B-4859C2CD1C0E}.Release|x64.Build.0 = Release|Any CPU
		{51D6257D-0167-4847-868B-4859C2CD1C0E}.Release|x86.ActiveCfg = Release|Any CPU
		{51D6257D-0167-4847-868B-4859C2CD1C0E}.Release|x86.Build.0 = Release|Any CPU
		{05C20511-E761-4578-8FA4-55EA4C2EA04C}.Debug|Any CPU.ActiveCfg = Debug|Any CPU
		{05C20511-E761-4578-8FA4-55EA4C2EA04C}.Debug|Any CPU.Build.0 = Debug|Any CPU
		{05C20511-E761-4578-8FA4-55EA4C2EA04C}.Debug|ARM.ActiveCfg = Debug|Any CPU
		{05C20511-E761-4578-8FA4-55EA4C2EA04C}.Debug|ARM.Build.0 = Debug|Any CPU
		{05C20511-E761-4578-8FA4-55EA4C2EA04C}.Debug|ARM64.ActiveCfg = Debug|Any CPU
		{05C20511-E761-4578-8FA4-55EA4C2EA04C}.Debug|ARM64.Build.0 = Debug|Any CPU
		{05C20511-E761-4578-8FA4-55EA4C2EA04C}.Debug|x64.ActiveCfg = Debug|Any CPU
		{05C20511-E761-4578-8FA4-55EA4C2EA04C}.Debug|x64.Build.0 = Debug|Any CPU
		{05C20511-E761-4578-8FA4-55EA4C2EA04C}.Debug|x86.ActiveCfg = Debug|Any CPU
		{05C20511-E761-4578-8FA4-55EA4C2EA04C}.Debug|x86.Build.0 = Debug|Any CPU
		{05C20511-E761-4578-8FA4-55EA4C2EA04C}.Release|Any CPU.ActiveCfg = Release|Any CPU
		{05C20511-E761-4578-8FA4-55EA4C2EA04C}.Release|Any CPU.Build.0 = Release|Any CPU
		{05C20511-E761-4578-8FA4-55EA4C2EA04C}.Release|ARM.ActiveCfg = Release|Any CPU
		{05C20511-E761-4578-8FA4-55EA4C2EA04C}.Release|ARM.Build.0 = Release|Any CPU
		{05C20511-E761-4578-8FA4-55EA4C2EA04C}.Release|ARM64.ActiveCfg = Release|Any CPU
		{05C20511-E761-4578-8FA4-55EA4C2EA04C}.Release|ARM64.Build.0 = Release|Any CPU
		{05C20511-E761-4578-8FA4-55EA4C2EA04C}.Release|x64.ActiveCfg = Release|Any CPU
		{05C20511-E761-4578-8FA4-55EA4C2EA04C}.Release|x64.Build.0 = Release|Any CPU
		{05C20511-E761-4578-8FA4-55EA4C2EA04C}.Release|x86.ActiveCfg = Release|Any CPU
		{05C20511-E761-4578-8FA4-55EA4C2EA04C}.Release|x86.Build.0 = Release|Any CPU
		{559205D1-A209-4F0B-8A69-0FA7BF6C70C7}.Debug|Any CPU.ActiveCfg = Debug|Any CPU
		{559205D1-A209-4F0B-8A69-0FA7BF6C70C7}.Debug|Any CPU.Build.0 = Debug|Any CPU
		{559205D1-A209-4F0B-8A69-0FA7BF6C70C7}.Debug|ARM.ActiveCfg = Debug|Any CPU
		{559205D1-A209-4F0B-8A69-0FA7BF6C70C7}.Debug|ARM.Build.0 = Debug|Any CPU
		{559205D1-A209-4F0B-8A69-0FA7BF6C70C7}.Debug|ARM64.ActiveCfg = Debug|Any CPU
		{559205D1-A209-4F0B-8A69-0FA7BF6C70C7}.Debug|ARM64.Build.0 = Debug|Any CPU
		{559205D1-A209-4F0B-8A69-0FA7BF6C70C7}.Debug|x64.ActiveCfg = Debug|Any CPU
		{559205D1-A209-4F0B-8A69-0FA7BF6C70C7}.Debug|x64.Build.0 = Debug|Any CPU
		{559205D1-A209-4F0B-8A69-0FA7BF6C70C7}.Debug|x86.ActiveCfg = Debug|Any CPU
		{559205D1-A209-4F0B-8A69-0FA7BF6C70C7}.Debug|x86.Build.0 = Debug|Any CPU
		{559205D1-A209-4F0B-8A69-0FA7BF6C70C7}.Release|Any CPU.ActiveCfg = Release|Any CPU
		{559205D1-A209-4F0B-8A69-0FA7BF6C70C7}.Release|Any CPU.Build.0 = Release|Any CPU
		{559205D1-A209-4F0B-8A69-0FA7BF6C70C7}.Release|ARM.ActiveCfg = Release|Any CPU
		{559205D1-A209-4F0B-8A69-0FA7BF6C70C7}.Release|ARM.Build.0 = Release|Any CPU
		{559205D1-A209-4F0B-8A69-0FA7BF6C70C7}.Release|ARM64.ActiveCfg = Release|Any CPU
		{559205D1-A209-4F0B-8A69-0FA7BF6C70C7}.Release|ARM64.Build.0 = Release|Any CPU
		{559205D1-A209-4F0B-8A69-0FA7BF6C70C7}.Release|x64.ActiveCfg = Release|Any CPU
		{559205D1-A209-4F0B-8A69-0FA7BF6C70C7}.Release|x64.Build.0 = Release|Any CPU
		{559205D1-A209-4F0B-8A69-0FA7BF6C70C7}.Release|x86.ActiveCfg = Release|Any CPU
		{559205D1-A209-4F0B-8A69-0FA7BF6C70C7}.Release|x86.Build.0 = Release|Any CPU
		{FBB2156F-54A1-406D-BDB1-646505951122}.Debug|Any CPU.ActiveCfg = Debug|Any CPU
		{FBB2156F-54A1-406D-BDB1-646505951122}.Debug|Any CPU.Build.0 = Debug|Any CPU
		{FBB2156F-54A1-406D-BDB1-646505951122}.Debug|ARM.ActiveCfg = Debug|Any CPU
		{FBB2156F-54A1-406D-BDB1-646505951122}.Debug|ARM.Build.0 = Debug|Any CPU
		{FBB2156F-54A1-406D-BDB1-646505951122}.Debug|ARM64.ActiveCfg = Debug|Any CPU
		{FBB2156F-54A1-406D-BDB1-646505951122}.Debug|ARM64.Build.0 = Debug|Any CPU
		{FBB2156F-54A1-406D-BDB1-646505951122}.Debug|x64.ActiveCfg = Debug|Any CPU
		{FBB2156F-54A1-406D-BDB1-646505951122}.Debug|x64.Build.0 = Debug|Any CPU
		{FBB2156F-54A1-406D-BDB1-646505951122}.Debug|x86.ActiveCfg = Debug|Any CPU
		{FBB2156F-54A1-406D-BDB1-646505951122}.Debug|x86.Build.0 = Debug|Any CPU
		{FBB2156F-54A1-406D-BDB1-646505951122}.Release|Any CPU.ActiveCfg = Release|Any CPU
		{FBB2156F-54A1-406D-BDB1-646505951122}.Release|Any CPU.Build.0 = Release|Any CPU
		{FBB2156F-54A1-406D-BDB1-646505951122}.Release|ARM.ActiveCfg = Release|Any CPU
		{FBB2156F-54A1-406D-BDB1-646505951122}.Release|ARM.Build.0 = Release|Any CPU
		{FBB2156F-54A1-406D-BDB1-646505951122}.Release|ARM64.ActiveCfg = Release|Any CPU
		{FBB2156F-54A1-406D-BDB1-646505951122}.Release|ARM64.Build.0 = Release|Any CPU
		{FBB2156F-54A1-406D-BDB1-646505951122}.Release|x64.ActiveCfg = Release|Any CPU
		{FBB2156F-54A1-406D-BDB1-646505951122}.Release|x64.Build.0 = Release|Any CPU
		{FBB2156F-54A1-406D-BDB1-646505951122}.Release|x86.ActiveCfg = Release|Any CPU
		{FBB2156F-54A1-406D-BDB1-646505951122}.Release|x86.Build.0 = Release|Any CPU
	EndGlobalSection
	GlobalSection(SolutionProperties) = preSolution
		HideSolutionNode = FALSE
	EndGlobalSection
	GlobalSection(NestedProjects) = preSolution
		{61147A2D-C246-4C6A-8DDB-1211550E0C1D} = {B210C8A3-DA52-446F-80CD-4CAB460678CA}
		{18480AFD-AA24-47D7-B2B6-A1922A39142E} = {794D055A-6266-4B53-AEE6-985FA3CD8DAA}
		{51D6257D-0167-4847-868B-4859C2CD1C0E} = {A2C3D3D6-471C-45FC-BA17-93C3CFCDE623}
		{05C20511-E761-4578-8FA4-55EA4C2EA04C} = {8DD4DA1C-DB99-49C1-9767-9F2F4AF0F376}
		{A2C3D3D6-471C-45FC-BA17-93C3CFCDE623} = {8DD4DA1C-DB99-49C1-9767-9F2F4AF0F376}
		{CA912A38-3A12-48C5-9355-3B8634FAC381} = {8DD4DA1C-DB99-49C1-9767-9F2F4AF0F376}
		{B210C8A3-DA52-446F-80CD-4CAB460678CA} = {8DD4DA1C-DB99-49C1-9767-9F2F4AF0F376}
		{559205D1-A209-4F0B-8A69-0FA7BF6C70C7} = {BBB9BDDD-6A39-413A-905B-F6C37A24DE9D}
		{FBB2156F-54A1-406D-BDB1-646505951122} = {BBB9BDDD-6A39-413A-905B-F6C37A24DE9D}
	EndGlobalSection
	GlobalSection(ExtensibilityGlobals) = postSolution
		SolutionGuid = {689DA79A-1CE1-4F92-BB9C-05961EFAD3D0}
	EndGlobalSection
EndGlobal
